{
  "https://peacewatcher.s3.ap-northeast-2.amazonaws.com/SeoHyeonStation_demo.mp4": { "integrity": "sha512-RHtB6SQH6rC3ID8pE5MYDdwdCEIkaBAZPgGJB7el0KYyWTpnAXZOvIF1zHNrHlNSqo6aT0GNA4NuEMSPA7HBdQ==", "contentType": "video/mp4" },
  "https://peacewatcher.s3.ap-northeast-2.amazonaws.com/demo.mp4": { "integrity": "sha512-arnRjSTGzoNLSnvVHR44iDFqZtD/vAr7EKxzY+xkhcT3aqU+0vXVq3pfVF6nlxUDvAUgkLEqjGRTqy7ptNtoOw==", "contentType": "video/mp4" },
  "version": 1
}
